
Microsoft Visual Studio Solution File, Format Version 11.00
# Visual Studio 2010
Project("{FAE04EC0-301F-11D3-BF4B-00C04F79EFBC}") = "LeanCommon", "LeanCommon.csproj", "{1501e0f5-9ac1-b655-a002-1384dba86b39}"
EndProject
Project("{FAE04EC0-301F-11D3-BF4B-00C04F79EFBC}") = "LeanTouch", "LeanTouch.csproj", "{b87ae51b-f94a-edfe-c39f-4ca132fe1365}"
EndProject
Project("{FAE04EC0-301F-11D3-BF4B-00C04F79EFBC}") = "Assembly-CSharp", "Assembly-CSharp.csproj", "{0a149d96-d5e5-607e-9fce-a36ef599f5a9}"
EndProject
Project("{FAE04EC0-301F-11D3-BF4B-00C04F79EFBC}") = "Assembly-CSharp-Editor-firstpass", "Assembly-CSharp-Editor-firstpass.csproj", "{631e075e-903e-78c4-688d-a9c948c0ee3e}"
EndProject
Project("{FAE04EC0-301F-11D3-BF4B-00C04F79EFBC}") = "EditorMigrationScripts", "EditorMigrationScripts.csproj", "{d1098fd9-31f0-c2ab-3e62-d84e95d1baa6}"
EndProject
Global
	GlobalSection(SolutionConfigurationPlatforms) = preSolution
		Debug|Any CPU = Debug|Any CPU
	EndGlobalSection
	GlobalSection(ProjectConfigurationPlatforms) = postSolution
		{1501e0f5-9ac1-b655-a002-1384dba86b39}.Debug|Any CPU.ActiveCfg = Debug|Any CPU
		{1501e0f5-9ac1-b655-a002-1384dba86b39}.Debug|Any CPU.Build.0 = Debug|Any CPU
		{b87ae51b-f94a-edfe-c39f-4ca132fe1365}.Debug|Any CPU.ActiveCfg = Debug|Any CPU
		{b87ae51b-f94a-edfe-c39f-4ca132fe1365}.Debug|Any CPU.Build.0 = Debug|Any CPU
		{0a149d96-d5e5-607e-9fce-a36ef599f5a9}.Debug|Any CPU.ActiveCfg = Debug|Any CPU
		{0a149d96-d5e5-607e-9fce-a36ef599f5a9}.Debug|Any CPU.Build.0 = Debug|Any CPU
		{631e075e-903e-78c4-688d-a9c948c0ee3e}.Debug|Any CPU.ActiveCfg = Debug|Any CPU
		{631e075e-903e-78c4-688d-a9c948c0ee3e}.Debug|Any CPU.Build.0 = Debug|Any CPU
		{d1098fd9-31f0-c2ab-3e62-d84e95d1baa6}.Debug|Any CPU.ActiveCfg = Debug|Any CPU
		{d1098fd9-31f0-c2ab-3e62-d84e95d1baa6}.Debug|Any CPU.Build.0 = Debug|Any CPU
	EndGlobalSection
	GlobalSection(SolutionProperties) = preSolution
		HideSolutionNode = FALSE
	EndGlobalSection
EndGlobal
